
Microsoft Visual Studio Solution File, Format Version 12.00
# Visual Studio Version 17
VisualStudioVersion = 17.5.33516.290
MinimumVisualStudioVersion = 10.0.40219.1
Project("{FAE04EC0-301F-11D3-BF4B-00C04F79EFBC}") = "practica herencia", "practica herencia\practica herencia.csproj", "{04BE1EFD-E827-4749-8CE5-9FC10C5342A4}"
EndProject
Project("{FAE04EC0-301F-11D3-BF4B-00C04F79EFBC}") = "ClassLibrary1", "ClassLibrary1\ClassLibrary1.csproj", "{371A4D5C-23C5-4988-9A24-F13401C0AC2D}"
EndProject
Global
	GlobalSection(SolutionConfigurationPlatforms) = preSolution
		Debug|Any CPU = Debug|Any CPU
		Release|Any CPU = Release|Any CPU
	EndGlobalSection
	GlobalSection(ProjectConfigurationPlatforms) = postSolution
		{04BE1EFD-E827-4749-8CE5-9FC10C5342A4}.Debug|Any CPU.ActiveCfg = Debug|Any CPU
		{04BE1EFD-E827-4749-8CE5-9FC10C5342A4}.Debug|Any CPU.Build.0 = Debug|Any CPU
		{04BE1EFD-E827-4749-8CE5-9FC10C5342A4}.Release|Any CPU.ActiveCfg = Release|Any CPU
		{04BE1EFD-E827-4749-8CE5-9FC10C5342A4}.Release|Any CPU.Build.0 = Release|Any CPU
		{371A4D5C-23C5-4988-9A24-F13401C0AC2D}.Debug|Any CPU.ActiveCfg = Debug|Any CPU
		{371A4D5C-23C5-4988-9A24-F13401C0AC2D}.Debug|Any CPU.Build.0 = Debug|Any CPU
		{371A4D5C-23C5-4988-9A24-F13401C0AC2D}.Release|Any CPU.ActiveCfg = Release|Any CPU
		{371A4D5C-23C5-4988-9A24-F13401C0AC2D}.Release|Any CPU.Build.0 = Release|Any CPU
	EndGlobalSection
	GlobalSection(SolutionProperties) = preSolution
		HideSolutionNode = FALSE
	EndGlobalSection
	GlobalSection(ExtensibilityGlobals) = postSolution
		SolutionGuid = {5C8ED262-FFCC-47B3-BF6D-DFED3A1808DE}
	EndGlobalSection
EndGlobal
