
Microsoft Visual Studio Solution File, Format Version 12.00
# Visual Studio Version 17
VisualStudioVersion = 17.5.33516.290
MinimumVisualStudioVersion = 10.0.40219.1
Project("{FAE04EC0-301F-11D3-BF4B-00C04F79EFBC}") = "practica", "practica\practica.csproj", "{9B725DB5-5FC2-420C-9417-7DC2BDBA471B}"
EndProject
Global
	GlobalSection(SolutionConfigurationPlatforms) = preSolution
		Debug|Any CPU = Debug|Any CPU
		Release|Any CPU = Release|Any CPU
	EndGlobalSection
	GlobalSection(ProjectConfigurationPlatforms) = postSolution
		{9B725DB5-5FC2-420C-9417-7DC2BDBA471B}.Debug|Any CPU.ActiveCfg = Debug|Any CPU
		{9B725DB5-5FC2-420C-9417-7DC2BDBA471B}.Debug|Any CPU.Build.0 = Debug|Any CPU
		{9B725DB5-5FC2-420C-9417-7DC2BDBA471B}.Release|Any CPU.ActiveCfg = Release|Any CPU
		{9B725DB5-5FC2-420C-9417-7DC2BDBA471B}.Release|Any CPU.Build.0 = Release|Any CPU
	EndGlobalSection
	GlobalSection(SolutionProperties) = preSolution
		HideSolutionNode = FALSE
	EndGlobalSection
	GlobalSection(ExtensibilityGlobals) = postSolution
		SolutionGuid = {B3287BDE-605B-49B2-B7FF-EBD8441B02F1}
	EndGlobalSection
EndGlobal
